
Microsoft Visual Studio Solution File, Format Version 12.00
# Visual Studio Version 17
VisualStudioVersion = 17.7.34003.232
MinimumVisualStudioVersion = 10.0.40219.1
Project("{FAE04EC0-301F-11D3-BF4B-00C04F79EFBC}") = "Todo", "Todo.csproj", "{17037454-6DE7-4FEF-B0E1-C4B569A20772}"
EndProject
Global
	GlobalSection(SolutionConfigurationPlatforms) = preSolution
		Debug|Any CPU = Debug|Any CPU
		Release|Any CPU = Release|Any CPU
	EndGlobalSection
	GlobalSection(ProjectConfigurationPlatforms) = postSolution
		{17037454-6DE7-4FEF-B0E1-C4B569A20772}.Debug|Any CPU.ActiveCfg = Debug|Any CPU
		{17037454-6DE7-4FEF-B0E1-C4B569A20772}.Debug|Any CPU.Build.0 = Debug|Any CPU
		{17037454-6DE7-4FEF-B0E1-C4B569A20772}.Release|Any CPU.ActiveCfg = Release|Any CPU
		{17037454-6DE7-4FEF-B0E1-C4B569A20772}.Release|Any CPU.Build.0 = Release|Any CPU
	EndGlobalSection
	GlobalSection(SolutionProperties) = preSolution
		HideSolutionNode = FALSE
	EndGlobalSection
	GlobalSection(ExtensibilityGlobals) = postSolution
		SolutionGuid = {D27484AC-5880-4D57-904D-7EC8D8312B3D}
	EndGlobalSection
EndGlobal
